
Microsoft Visual Studio Solution File, Format Version 12.00
# Visual Studio Version 17
VisualStudioVersion = 17.6.33815.320
MinimumVisualStudioVersion = 10.0.40219.1
Project("{9A19103F-16F7-4668-BE54-9A1E7A4F7556}") = "classScheduler", "classScheduler.csproj", "{F1136322-2900-40DF-BEF5-73DEFC17C938}"
EndProject
Global
	GlobalSection(SolutionConfigurationPlatforms) = preSolution
		Debug|Any CPU = Debug|Any CPU
		Release|Any CPU = Release|Any CPU
	EndGlobalSection
	GlobalSection(ProjectConfigurationPlatforms) = postSolution
		{F1136322-2900-40DF-BEF5-73DEFC17C938}.Debug|Any CPU.ActiveCfg = Debug|Any CPU
		{F1136322-2900-40DF-BEF5-73DEFC17C938}.Debug|Any CPU.Build.0 = Debug|Any CPU
		{F1136322-2900-40DF-BEF5-73DEFC17C938}.Release|Any CPU.ActiveCfg = Release|Any CPU
		{F1136322-2900-40DF-BEF5-73DEFC17C938}.Release|Any CPU.Build.0 = Release|Any CPU
	EndGlobalSection
	GlobalSection(SolutionProperties) = preSolution
		HideSolutionNode = FALSE
	EndGlobalSection
	GlobalSection(ExtensibilityGlobals) = postSolution
		SolutionGuid = {E9FE6D6C-3075-4D57-BE5F-127BD73D5220}
	EndGlobalSection
EndGlobal
